{
  "version": 4,
  "terraform_version": "0.12.28",
  "serial": 5,
  "lineage": "06871625-ecf3-e0fa-eb4c-b1e6e173a9e8",
  "outputs": {},
  "resources": [
    {
      "mode": "managed",
      "type": "google_compute_firewall",
      "name": "k8s-allow-external",
      "provider": "provider.google",
      "instances": [
        {
          "schema_version": 1,
          "attributes": {
            "allow": [
              {
                "ports": [
                  "30000-32767"
                ],
                "protocol": "tcp"
              }
            ],
            "creation_timestamp": "2020-07-08T02:37:36.519-07:00",
            "deny": [],
            "description": "",
            "destination_ranges": [],
            "direction": "INGRESS",
            "disabled": false,
            "id": "k8s-allow-external",
            "name": "k8s-allow-external",
            "network": "https://www.googleapis.com/compute/v1/projects/projectotus2020/global/networks/default",
            "priority": 1000,
            "project": "projectotus2020",
            "self_link": "https://www.googleapis.com/compute/v1/projects/projectotus2020/global/firewalls/k8s-allow-external",
            "source_ranges": [
              "0.0.0.0/0"
            ],
            "source_service_accounts": [],
            "source_tags": [],
            "target_service_accounts": [],
            "target_tags": [
              "app"
            ],
            "timeouts": null
          },
          "private": "eyJlMmJmYjczMC1lY2FhLTExZTYtOGY4OC0zNDM2M2JjN2M0YzAiOnsiY3JlYXRlIjoyNDAwMDAwMDAwMDAsImRlbGV0ZSI6MjQwMDAwMDAwMDAwLCJ1cGRhdGUiOjI0MDAwMDAwMDAwMH0sInNjaGVtYV92ZXJzaW9uIjoiMSJ9"
        }
      ]
    },
    {
      "mode": "managed",
      "type": "google_container_cluster",
      "name": "k8s",
      "provider": "provider.google",
      "instances": [
        {
          "schema_version": 1,
          "attributes": {
            "additional_zones": [
              "us-central1-a",
              "us-central1-c",
              "us-central1-f"
            ],
            "addons_config": [
              {
                "horizontal_pod_autoscaling": [],
                "http_load_balancing": [],
                "kubernetes_dashboard": [
                  {
                    "disabled": true
                  }
                ],
                "network_policy_config": [
                  {
                    "disabled": true
                  }
                ]
              }
            ],
            "cluster_autoscaling": [],
            "cluster_ipv4_cidr": "10.52.0.0/14",
            "description": "",
            "enable_binary_authorization": null,
            "enable_intranode_visibility": null,
            "enable_kubernetes_alpha": false,
            "enable_legacy_abac": false,
            "enable_tpu": null,
            "endpoint": "34.70.119.91",
            "id": "k8s",
            "initial_node_count": 1,
            "instance_group_urls": [],
            "ip_allocation_policy": [
              {
                "cluster_ipv4_cidr_block": "",
                "cluster_secondary_range_name": "",
                "create_subnetwork": false,
                "node_ipv4_cidr_block": "10.128.0.0/20",
                "services_ipv4_cidr_block": "",
                "services_secondary_range_name": "",
                "subnetwork_name": "",
                "use_ip_aliases": false
              }
            ],
            "location": "us-central1",
            "logging_service": "logging.googleapis.com/kubernetes",
            "maintenance_policy": [],
            "master_auth": [
              {
                "client_certificate": "",
                "client_certificate_config": [
                  {
                    "issue_client_certificate": false
                  }
                ],
                "client_key": "",
                "cluster_ca_certificate": "LS0tLS1CRUdJTiBDRVJUSUZJQ0FURS0tLS0tCk1JSURDekNDQWZPZ0F3SUJBZ0lRS3B6TkRvY2xydW5iQmNIWE9BLzlMakFOQmdrcWhraUc5dzBCQVFzRkFEQXYKTVMwd0t3WURWUVFERXlSbVlUbGpNR1kyT1MxbU1qZGtMVFF3TURndE9XVXhOUzA0TlRVM056SmpObVF3WmpBdwpIaGNOTWpBd056QTRNRGd6TnpNMldoY05NalV3TnpBM01Ea3pOek0yV2pBdk1TMHdLd1lEVlFRREV5Um1ZVGxqCk1HWTJPUzFtTWpka0xUUXdNRGd0T1dVeE5TMDROVFUzTnpKak5tUXdaakF3Z2dFaU1BMEdDU3FHU0liM0RRRUIKQVFVQUE0SUJEd0F3Z2dFS0FvSUJBUUN3ZllWbGIzQ3F1YlM2UGpYR1l3aE9OOG8xaWw1THFQQ1dlUkxmQlZiaQpscENKaTl3cEY3MUFpMWVXVEd2YlZaajltT3FRZllSeWZYcTlYQjJzYTBtRG40aVlSK3NuZnZkcW9RWERpRkNlCllGaG96alc0eGdWTGl6OHF0ZEJpeW96bkZ0VkZQd1daeXd5clB5bUgwcS9vNFAxbXl1WTBRYzRWbFlWaXZFWngKa3QwNXB6UjZqMEVmOUlVdEVJUk9hYnRRODVNeFE2OE1VVTV5NkVZemwzV1RHaVpmTWt2QnVHZDNFdmZoamU5UAp1emoyWG5NWDBxNTN5N2ZlcHJ0ZWJ0REVqSFlJNUZpdVNrM3lZQklrNVEyZFhoOVk3dTYydzdQYWlqSkhlN0FxCkUvUXBvMTZBV1JoR3N1VThlcGVzelRXbXJiN0NhdW5UWUd5STVHU01hOWQ1QWdNQkFBR2pJekFoTUE0R0ExVWQKRHdFQi93UUVBd0lDQkRBUEJnTlZIUk1CQWY4RUJUQURBUUgvTUEwR0NTcUdTSWIzRFFFQkN3VUFBNElCQVFCSAppZ1pBWkZqN1I1M2M5VlVDN0h2S1ZuSFl0RjJHYzNzMEpDeVFsbG5NV3Y5T0hKKzhiSG9sbHpqUUNWNC84NEd6CmFTR0g3TmxHOHkrWlhHT3pyMU1HT3A5ZGs5QlBlemw1by9QSkl3ellIOGtYS2pRR0U0aWZTU2RpTFFqeTFtSUwKOVFNaEpPeGRvMzRDeTl6bVFBNk4weWZydnNiTnRCZXdOdThSYVlkVkRTL2pZREpCU0dQQUh5YTBJdWt1dHZocApGcFRTa1JCT3p5cmhhSHNzVVZGNmR3MUhTdHJkVUVScUpLNU5kb0Y0SjlSL1NUS2RVQ24wekVGNHZOSDNSYnplCnJQc2lRTjVrNHM1dTR2MHFJMzZ4U3N0NnpFWTVRUFJUdklJcXozSFg5eVlKZm1XVEhqVFZ3dmpSVnlSZzBDY0UKTktmM3B3cG9oSitTOFFnUjgySUwKLS0tLS1FTkQgQ0VSVElGSUNBVEUtLS0tLQo=",
                "password": "",
                "username": ""
              }
            ],
            "master_authorized_networks_config": [],
            "master_version": "1.14.10-gke.36",
            "min_master_version": null,
            "monitoring_service": "monitoring.googleapis.com/kubernetes",
            "name": "k8s",
            "network": "projects/projectotus2020/global/networks/default",
            "network_policy": [
              {
                "enabled": false,
                "provider": "PROVIDER_UNSPECIFIED"
              }
            ],
            "node_config": [],
            "node_locations": [
              "us-central1-a",
              "us-central1-c",
              "us-central1-f"
            ],
            "node_pool": [],
            "node_version": "1.14.10-gke.36",
            "pod_security_policy_config": [],
            "private_cluster_config": [],
            "project": "projectotus2020",
            "region": "us-central1",
            "remove_default_node_pool": true,
            "resource_labels": {},
            "services_ipv4_cidr": "10.55.240.0/20",
            "subnetwork": "projects/projectotus2020/regions/us-central1/subnetworks/default",
            "timeouts": null,
            "zone": null
          },
          "private": "eyJlMmJmYjczMC1lY2FhLTExZTYtOGY4OC0zNDM2M2JjN2M0YzAiOnsiY3JlYXRlIjoxODAwMDAwMDAwMDAwLCJkZWxldGUiOjE4MDAwMDAwMDAwMDAsInVwZGF0ZSI6MzYwMDAwMDAwMDAwMH0sInNjaGVtYV92ZXJzaW9uIjoiMSJ9"
        }
      ]
    },
    {
      "mode": "managed",
      "type": "google_container_node_pool",
      "name": "primary_nodes",
      "provider": "provider.google",
      "instances": [
        {
          "schema_version": 1,
          "attributes": {
            "autoscaling": [],
            "cluster": "k8s",
            "id": "us-central1/k8s/app-project",
            "initial_node_count": 1,
            "instance_group_urls": [
              "https://www.googleapis.com/compute/v1/projects/projectotus2020/zones/us-central1-f/instanceGroupManagers/gke-k8s-app-project-02f2673b-grp",
              "https://www.googleapis.com/compute/v1/projects/projectotus2020/zones/us-central1-c/instanceGroupManagers/gke-k8s-app-project-72355e2b-grp",
              "https://www.googleapis.com/compute/v1/projects/projectotus2020/zones/us-central1-a/instanceGroupManagers/gke-k8s-app-project-5f6b406e-grp"
            ],
            "location": "us-central1",
            "management": [
              {
                "auto_repair": true,
                "auto_upgrade": true
              }
            ],
            "max_pods_per_node": null,
            "name": "app-project",
            "name_prefix": "",
            "node_config": [
              {
                "disk_size_gb": 20,
                "disk_type": "pd-standard",
                "guest_accelerator": [],
                "image_type": "COS",
                "labels": {},
                "local_ssd_count": 0,
                "machine_type": "n1-standard-1",
                "metadata": {
                  "disable-legacy-endpoints": "true"
                },
                "min_cpu_platform": "",
                "oauth_scopes": [
                  "https://www.googleapis.com/auth/logging.write",
                  "https://www.googleapis.com/auth/monitoring"
                ],
                "preemptible": true,
                "sandbox_config": [],
                "service_account": "default",
                "tags": [
                  "app"
                ],
                "taint": [],
                "workload_metadata_config": []
              }
            ],
            "node_count": 1,
            "project": "projectotus2020",
            "region": "us-central1",
            "timeouts": null,
            "version": "1.14.10-gke.36",
            "zone": null
          },
          "private": "eyJlMmJmYjczMC1lY2FhLTExZTYtOGY4OC0zNDM2M2JjN2M0YzAiOnsiY3JlYXRlIjoxODAwMDAwMDAwMDAwLCJkZWxldGUiOjYwMDAwMDAwMDAwMCwidXBkYXRlIjo2MDAwMDAwMDAwMDB9LCJzY2hlbWFfdmVyc2lvbiI6IjEifQ==",
          "dependencies": [
            "google_container_cluster.k8s"
          ]
        }
      ]
    }
  ]
}
