dependencies:
- name: ui
  repository: file://../ui
  version: 1.0.0
- name: crawler
  repository: file://../crawler
  version: 1.0.0
- name: rabbit
  repository: file://../rabbit
  version: 1.0.0
- name: mongo
  repository: file://..//mongo
  version: 1.0.0
digest: sha256:d3a7bfd649f30c026e23a37cd5111d3948b711a641b6a06e7bec27a8907e78b2
generated: "2020-07-25T14:49:25.74744487+03:00"
